Microsoft Visual Studio Solution File, Format Version 11.00
# Visual C++ Express 2010
Project("{8BC9CEB8-8B4A-11D0-8D11-00A0C91BC942}") = "Win32OpenGL", "..\Win32OpenGL.vcxproj", "{EEF038D7-792A-392B-D8C5-289FF6B26A83}"
EndProject
Project("{8BC9CEB8-8B4A-11D0-8D11-00A0C91BC942}") = "example1", "example1.vcxproj", "{BACBC8AD-38AD-1EED-C250-E2FCA91E046C}"
EndProject
Global
	GlobalSection(SolutionConfigurationPlatforms) = preSolution
		Debug|Win32 = Debug|Win32
		Release|Win32 = Release|Win32
	EndGlobalSection
	GlobalSection(ProjectConfigurationPlatforms) = postSolution
		{EEF038D7-792A-392B-D8C5-289FF6B26A83}.Debug|Win32.ActiveCfg = Debug|Win32
		{EEF038D7-792A-392B-D8C5-289FF6B26A83}.Release|Win32.ActiveCfg = Release|Win32
		{BACBC8AD-38AD-1EED-C250-E2FCA91E046C}.Debug|Win32.ActiveCfg = Debug|Win32
		{BACBC8AD-38AD-1EED-C250-E2FCA91E046C}.Release|Win32.ActiveCfg = Release|Win32
	EndGlobalSection
	GlobalSection(SolutionProperties) = preSolution
		HideSolutionNode = FALSE
	EndGlobalSection
EndGlobal
