Microsoft Visual Studio Solution File, Format Version 10.00
# Visual Studio 2008
Project("{8BC9CEB8-8B4A-11D0-8D11-00A0C91BC942}") = "example6", "example6.vcproj", "{DB1088EB-9AE0-4B71-939A-1B1870F8E563}"
	ProjectSection(ProjectDependencies) = postProject
		{888E9FAF-C232-478E-B5AE-7CDB275CE4EE} = {888E9FAF-C232-478E-B5AE-7CDB275CE4EE}
	EndProjectSection
EndProject
Project("{8BC9CEB8-8B4A-11D0-8D11-00A0C91BC942}") = "Win32OpenGL", "..\..\platforms\Win32.OpenGL.VS2008\Win32OpenGL.vcproj", "{888E9FAF-C232-478E-B5AE-7CDB275CE4EE}"
EndProject
Global
	GlobalSection(SolutionConfigurationPlatforms) = preSolution
		Debug|Win32 = Debug|Win32
		Release|Win32 = Release|Win32
	EndGlobalSection
	GlobalSection(ProjectConfigurationPlatforms) = postSolution
		{DB1088EB-9AE0-4B71-939A-1B1870F8E563}.Debug|Win32.ActiveCfg = Debug|Win32
		{DB1088EB-9AE0-4B71-939A-1B1870F8E563}.Debug|Win32.Build.0 = Debug|Win32
		{DB1088EB-9AE0-4B71-939A-1B1870F8E563}.Release|Win32.ActiveCfg = Release|Win32
		{DB1088EB-9AE0-4B71-939A-1B1870F8E563}.Release|Win32.Build.0 = Release|Win32
		{888E9FAF-C232-478E-B5AE-7CDB275CE4EE}.Debug|Win32.ActiveCfg = Debug|Win32
		{888E9FAF-C232-478E-B5AE-7CDB275CE4EE}.Debug|Win32.Build.0 = Debug|Win32
		{888E9FAF-C232-478E-B5AE-7CDB275CE4EE}.Release|Win32.ActiveCfg = Release|Win32
		{888E9FAF-C232-478E-B5AE-7CDB275CE4EE}.Release|Win32.Build.0 = Release|Win32
	EndGlobalSection
	GlobalSection(SolutionProperties) = preSolution
		HideSolutionNode = FALSE
	EndGlobalSection
EndGlobal
