Microsoft Visual Studio Solution File, Format Version 8.00
Project("{8BC9CEB8-8B4A-11D0-8D11-00A0C91BC942}") = "Win32OpenGL", "..\Win32OpenGL.vcproj", "{C4812D1F-7D6C-4532-B8F6-0D41E0DB573B}"
	ProjectSection(ProjectDependencies) = postProject
	EndProjectSection
EndProject
Project("{8BC9CEB8-8B4A-11D0-8D11-00A0C91BC942}") = "example3", "example3.vcproj", "{B90943CF-E761-4A51-99BB-E70581EAD829}"
	ProjectSection(ProjectDependencies) = postProject
		{C4812D1F-7D6C-4532-B8F6-0D41E0DB573B} = {C4812D1F-7D6C-4532-B8F6-0D41E0DB573B}
	EndProjectSection
EndProject
Global
	GlobalSection(SolutionConfiguration) = preSolution
		Debug = Debug
		Release = Release
	EndGlobalSection
	GlobalSection(ProjectConfiguration) = postSolution
		{C4812D1F-7D6C-4532-B8F6-0D41E0DB573B}.Debug.ActiveCfg = Debug|Win32
		{C4812D1F-7D6C-4532-B8F6-0D41E0DB573B}.Debug.Build.0 = Debug|Win32
		{C4812D1F-7D6C-4532-B8F6-0D41E0DB573B}.Release.ActiveCfg = Release|Win32
		{C4812D1F-7D6C-4532-B8F6-0D41E0DB573B}.Release.Build.0 = Release|Win32
		{B90943CF-E761-4A51-99BB-E70581EAD829}.Debug.ActiveCfg = Debug|Win32
		{B90943CF-E761-4A51-99BB-E70581EAD829}.Debug.Build.0 = Debug|Win32
		{B90943CF-E761-4A51-99BB-E70581EAD829}.Release.ActiveCfg = Release|Win32
		{B90943CF-E761-4A51-99BB-E70581EAD829}.Release.Build.0 = Release|Win32
	EndGlobalSection
	GlobalSection(ExtensibilityGlobals) = postSolution
	EndGlobalSection
	GlobalSection(ExtensibilityAddIns) = postSolution
	EndGlobalSection
EndGlobal
