Microsoft Visual Studio Solution File, Format Version 10.00
# Visual Studio 2008
Project("{8BC9CEB8-8B4A-11D0-8D11-00A0C91BC942}") = "Win32OpenGL", "..\Win32OpenGL.vcproj", "{888E9FAF-C232-478E-B5AE-7CDB275CE4EE}"
EndProject
Project("{8BC9CEB8-8B4A-11D0-8D11-00A0C91BC942}") = "example1", "example1.vcproj", "{3F2FF871-D898-44B4-8F87-2C0964089FDE}"
	ProjectSection(ProjectDependencies) = postProject
		{888E9FAF-C232-478E-B5AE-7CDB275CE4EE} = {888E9FAF-C232-478E-B5AE-7CDB275CE4EE}
	EndProjectSection
EndProject
Global
	GlobalSection(SolutionConfigurationPlatforms) = preSolution
		Debug|Win32 = Debug|Win32
		Release|Win32 = Release|Win32
	EndGlobalSection
	GlobalSection(ProjectConfigurationPlatforms) = postSolution
		{888E9FAF-C232-478E-B5AE-7CDB275CE4EE}.Debug|Win32.ActiveCfg = Debug|Win32
		{888E9FAF-C232-478E-B5AE-7CDB275CE4EE}.Debug|Win32.Build.0 = Debug|Win32
		{888E9FAF-C232-478E-B5AE-7CDB275CE4EE}.Release|Win32.ActiveCfg = Release|Win32
		{3F2FF871-D898-44B4-8F87-2C0964089FDE}.Debug|Win32.ActiveCfg = Debug|Win32
		{3F2FF871-D898-44B4-8F87-2C0964089FDE}.Debug|Win32.Build.0 = Debug|Win32
		{3F2FF871-D898-44B4-8F87-2C0964089FDE}.Release|Win32.ActiveCfg = Release|Win32
		{3F2FF871-D898-44B4-8F87-2C0964089FDE}.Release|Win32.Build.0 = Release|Win32
	EndGlobalSection
	GlobalSection(SolutionProperties) = preSolution
		HideSolutionNode = FALSE
	EndGlobalSection
EndGlobal
