<?xml version="1.0" encoding="utf-8"?>
<Project ToolsVersion="4.0" xmlns="http://schemas.microsoft.com/developer/msbuild/2003">
  <ItemGroup>
    <Filter Include="Source Files">
      <UniqueIdentifier>{fbf04111-17bf-4777-867f-d26fe2a87c67}</UniqueIdentifier>
      <Extensions>cpp;c;cxx;rc;def;r;odl;idl;hpj;bat</Extensions>
    </Filter>
    <Filter Include="Header Files">
      <UniqueIdentifier>{573a2215-d7dc-4b9e-849b-e74d0fb67732}</UniqueIdentifier>
      <Extensions>h;hpp;hxx;hm;inl</Extensions>
    </Filter>
    <Filter Include="Resource Files">
      <UniqueIdentifier>{3659d075-9eac-4238-8b96-473c6ea903cf}</UniqueIdentifier>
      <Extensions>ico;cur;bmp;dlg;rc2;rct;bin;rgs;gif;jpg;jpeg;jpe</Extensions>
    </Filter>
  </ItemGroup>
  <ItemGroup>
    <ClCompile Include="behaviours.cpp">
      <Filter>Source Files</Filter>
    </ClCompile>
    <ClCompile Include="hiscore.cpp">
      <Filter>Source Files</Filter>
    </ClCompile>
    <ClCompile Include="loadweb.cpp">
      <Filter>Source Files</Filter>
    </ClCompile>
    <ClCompile Include="sound.cpp">
      <Filter>Source Files</Filter>
    </ClCompile>
    <ClCompile Include="webfest.cpp">
      <Filter>Source Files</Filter>
    </ClCompile>
  </ItemGroup>
  <ItemGroup>
    <ClInclude Include="enemy_seq.h">
      <Filter>Header Files</Filter>
    </ClInclude>
    <ClInclude Include="hiscore.h">
      <Filter>Header Files</Filter>
    </ClInclude>
    <ClInclude Include="resource.h">
      <Filter>Header Files</Filter>
    </ClInclude>
    <ClInclude Include="vecglyph.h">
      <Filter>Header Files</Filter>
    </ClInclude>
    <ClInclude Include="webfest.h">
      <Filter>Header Files</Filter>
    </ClInclude>
  </ItemGroup>
  <ItemGroup>
    <Library Include="..\common\glfw.lib" />
  </ItemGroup>
  <ItemGroup>
    <None Include="blaster audio\audiofinal\smp_alienninja.wav" />
  </ItemGroup>
</Project>